
Microsoft Visual Studio Solution File, Format Version 12.00
# Visual Studio Version 17
VisualStudioVersion = 17.10.35004.147
MinimumVisualStudioVersion = 10.0.40219.1
Project("{FAE04EC0-301F-11D3-BF4B-00C04F79EFBC}") = "Two_Sum", "Two_Sum\Two_Sum.csproj", "{5F6A2B4C-7D89-4518-B0C8-6E9CDCA5A89E}"
EndProject
Project("{FAE04EC0-301F-11D3-BF4B-00C04F79EFBC}") = "TestProject1", "TestProject1\TestProject1.csproj", "{2FE01C4C-B7B5-4C5E-A999-C75B55F35033}"
EndProject
Global
	GlobalSection(SolutionConfigurationPlatforms) = preSolution
		Debug|Any CPU = Debug|Any CPU
		Release|Any CPU = Release|Any CPU
	EndGlobalSection
	GlobalSection(ProjectConfigurationPlatforms) = postSolution
		{5F6A2B4C-7D89-4518-B0C8-6E9CDCA5A89E}.Debug|Any CPU.ActiveCfg = Debug|Any CPU
		{5F6A2B4C-7D89-4518-B0C8-6E9CDCA5A89E}.Debug|Any CPU.Build.0 = Debug|Any CPU
		{5F6A2B4C-7D89-4518-B0C8-6E9CDCA5A89E}.Release|Any CPU.ActiveCfg = Release|Any CPU
		{5F6A2B4C-7D89-4518-B0C8-6E9CDCA5A89E}.Release|Any CPU.Build.0 = Release|Any CPU
		{2FE01C4C-B7B5-4C5E-A999-C75B55F35033}.Debug|Any CPU.ActiveCfg = Debug|Any CPU
		{2FE01C4C-B7B5-4C5E-A999-C75B55F35033}.Debug|Any CPU.Build.0 = Debug|Any CPU
		{2FE01C4C-B7B5-4C5E-A999-C75B55F35033}.Release|Any CPU.ActiveCfg = Release|Any CPU
		{2FE01C4C-B7B5-4C5E-A999-C75B55F35033}.Release|Any CPU.Build.0 = Release|Any CPU
	EndGlobalSection
	GlobalSection(SolutionProperties) = preSolution
		HideSolutionNode = FALSE
	EndGlobalSection
	GlobalSection(ExtensibilityGlobals) = postSolution
		SolutionGuid = {6AB55D4B-077B-4466-AD47-C8C1F24E5269}
	EndGlobalSection
EndGlobal
